// !$*UTF8*$!
{
	archiveVersion = 1;
	classes = {
	};
	objectVersion = 50;
	objects = {

/* Begin PBXBuildFile section */
		3506144722408ED700BFB42E /* NormalMetalViewController.swift in Sources */ = {isa = PBXBuildFile; fileRef = 3506144522408ED700BFB42E /* NormalMetalViewController.swift */; };
		350614512240B4FA00BFB42E /* MathLibrary.swift in Sources */ = {isa = PBXBuildFile; fileRef = 350614502240B4FA00BFB42E /* MathLibrary.swift */; };
		350614532240B53500BFB42E /* Node.swift in Sources */ = {isa = PBXBuildFile; fileRef = 350614522240B53500BFB42E /* Node.swift */; };
		350614552240B63C00BFB42E /* Camera.swift in Sources */ = {isa = PBXBuildFile; fileRef = 350614542240B63C00BFB42E /* Camera.swift */; };
		350614592240C10600BFB42E /* Model.swift in Sources */ = {isa = PBXBuildFile; fileRef = 350614582240C10600BFB42E /* Model.swift */; };
		3506145B2240C46200BFB42E /* Submesh.swift in Sources */ = {isa = PBXBuildFile; fileRef = 3506145A2240C46200BFB42E /* Submesh.swift */; };
		3506145D2240CD9900BFB42E /* Scene.swift in Sources */ = {isa = PBXBuildFile; fileRef = 3506145C2240CD9900BFB42E /* Scene.swift */; };
		350E943E225D96C2003B51E3 /* AppDelegate.swift in Sources */ = {isa = PBXBuildFile; fileRef = 350E943D225D96C2003B51E3 /* AppDelegate.swift */; };
		350E9440225D96C2003B51E3 /* WelcomeViewController.swift in Sources */ = {isa = PBXBuildFile; fileRef = 350E943F225D96C2003B51E3 /* WelcomeViewController.swift */; };
		350E9442225D96C3003B51E3 /* Assets.xcassets in Resources */ = {isa = PBXBuildFile; fileRef = 350E9441225D96C3003B51E3 /* Assets.xcassets */; };
		350E9445225D96C3003B51E3 /* Main.storyboard in Resources */ = {isa = PBXBuildFile; fileRef = 350E9443225D96C3003B51E3 /* Main.storyboard */; };
		350E944D225DCDEA003B51E3 /* HistorySceneCellView.swift in Sources */ = {isa = PBXBuildFile; fileRef = 350E944C225DCDEA003B51E3 /* HistorySceneCellView.swift */; };
		350E9455225DD9D3003B51E3 /* CreatNewSceneViewController.swift in Sources */ = {isa = PBXBuildFile; fileRef = 350E9453225DD9D3003B51E3 /* CreatNewSceneViewController.swift */; };
		350E9456225DD9D3003B51E3 /* CreatNewSceneViewController.xib in Resources */ = {isa = PBXBuildFile; fileRef = 350E9454225DD9D3003B51E3 /* CreatNewSceneViewController.xib */; };
		350E9459225DE129003B51E3 /* Error.swift in Sources */ = {isa = PBXBuildFile; fileRef = 350E9458225DE129003B51E3 /* Error.swift */; };
		350E945B225DE6B7003B51E3 /* Enum.swift in Sources */ = {isa = PBXBuildFile; fileRef = 350E945A225DE6B7003B51E3 /* Enum.swift */; };
		350E945E225E16F9003B51E3 /* MainRenderer.swift in Sources */ = {isa = PBXBuildFile; fileRef = 350E945D225E16F9003B51E3 /* MainRenderer.swift */; };
		350E945F225E172C003B51E3 /* Renderer.swift in Sources */ = {isa = PBXBuildFile; fileRef = 353F9138223F39EF0071597B /* Renderer.swift */; };
		350E9460225E1738003B51E3 /* Scene.swift in Sources */ = {isa = PBXBuildFile; fileRef = 3506145C2240CD9900BFB42E /* Scene.swift */; };
		350E9461225E1738003B51E3 /* Skybox.swift in Sources */ = {isa = PBXBuildFile; fileRef = 352C3F6122476EE700053171 /* Skybox.swift */; };
		350E9462225E1738003B51E3 /* Terrain.swift in Sources */ = {isa = PBXBuildFile; fileRef = 3553B399224DAE7A0060229F /* Terrain.swift */; };
		350E9463225E1738003B51E3 /* Water.swift in Sources */ = {isa = PBXBuildFile; fileRef = 35EB8411225C41DF0088B3F9 /* Water.swift */; };
		350E9464225E173C003B51E3 /* Prop.swift in Sources */ = {isa = PBXBuildFile; fileRef = 35242E97224212E400B8F91A /* Prop.swift */; };
		350E9465225E173C003B51E3 /* Submesh.swift in Sources */ = {isa = PBXBuildFile; fileRef = 3506145A2240C46200BFB42E /* Submesh.swift */; };
		350E9466225E173C003B51E3 /* Texture.swift in Sources */ = {isa = PBXBuildFile; fileRef = 356428312241E58B0000A5BB /* Texture.swift */; };
		350E9467225E173C003B51E3 /* Node.swift in Sources */ = {isa = PBXBuildFile; fileRef = 350614522240B53500BFB42E /* Node.swift */; };
		350E9468225E173C003B51E3 /* Camera.swift in Sources */ = {isa = PBXBuildFile; fileRef = 350614542240B63C00BFB42E /* Camera.swift */; };
		350E9469225E173C003B51E3 /* Model.swift in Sources */ = {isa = PBXBuildFile; fileRef = 350614582240C10600BFB42E /* Model.swift */; };
		350E946A225E174A003B51E3 /* Water.metal in Sources */ = {isa = PBXBuildFile; fileRef = 35EB8418225C76050088B3F9 /* Water.metal */; };
		350E946B225E174D003B51E3 /* DebugLight.metal in Sources */ = {isa = PBXBuildFile; fileRef = 353FAF1A2254E5DD0012F85C /* DebugLight.metal */; };
		350E946C225E1751003B51E3 /* Tessellation.metal in Sources */ = {isa = PBXBuildFile; fileRef = 3553B39C224DBCCD0060229F /* Tessellation.metal */; };
		350E946D225E1754003B51E3 /* Gbuffer.metal in Sources */ = {isa = PBXBuildFile; fileRef = 3590B935224B218F00CDD1AF /* Gbuffer.metal */; };
		350E946E225E1754003B51E3 /* GbufferComposition.metal in Sources */ = {isa = PBXBuildFile; fileRef = 3590B937224B21A600CDD1AF /* GbufferComposition.metal */; };
		350E946F225E175F003B51E3 /* Phong.metal in Sources */ = {isa = PBXBuildFile; fileRef = 352C3F3A2246178800053171 /* Phong.metal */; };
		350E9470225E175F003B51E3 /* PhongShader.metal in Sources */ = {isa = PBXBuildFile; fileRef = 358EDBB32244D93200C01902 /* PhongShader.metal */; };
		350E9471225E1763003B51E3 /* PBR.metal in Sources */ = {isa = PBXBuildFile; fileRef = 352C3F3C2246179000053171 /* PBR.metal */; };
		350E9472225E1763003B51E3 /* PBRShader.metal in Sources */ = {isa = PBXBuildFile; fileRef = 358EDBA322448CFB00C01902 /* PBRShader.metal */; };
		350E9473225E1765003B51E3 /* Shadow.metal in Sources */ = {isa = PBXBuildFile; fileRef = 352C3F50224676BD00053171 /* Shadow.metal */; };
		350E9474225E1768003B51E3 /* Skybox.metal in Sources */ = {isa = PBXBuildFile; fileRef = 352C3F64224905EE00053171 /* Skybox.metal */; };
		350E9475225E1768003B51E3 /* Main.metal in Sources */ = {isa = PBXBuildFile; fileRef = 35242E9C2242312F00B8F91A /* Main.metal */; };
		350E9476225E177C003B51E3 /* MTLRenderPassDescriptorExtension.swift in Sources */ = {isa = PBXBuildFile; fileRef = 352C3F5722467E0500053171 /* MTLRenderPassDescriptorExtension.swift */; };
		350E9477225E177C003B51E3 /* Utility.swift in Sources */ = {isa = PBXBuildFile; fileRef = 3590B939224BAEBA00CDD1AF /* Utility.swift */; };
		350E9478225E177C003B51E3 /* Debug.swift in Sources */ = {isa = PBXBuildFile; fileRef = 353FAF172254E5840012F85C /* Debug.swift */; };
		350E9479225E177C003B51E3 /* Geometry.swift in Sources */ = {isa = PBXBuildFile; fileRef = 35EB8415225C72010088B3F9 /* Geometry.swift */; };
		350E947A225E177C003B51E3 /* RenderPass.swift in Sources */ = {isa = PBXBuildFile; fileRef = 35EB841F225C92BE0088B3F9 /* RenderPass.swift */; };
		350E947B225E178A003B51E3 /* Textures.xcassets in Resources */ = {isa = PBXBuildFile; fileRef = 35242E9E224236EA00B8F91A /* Textures.xcassets */; };
		350E947C225E178E003B51E3 /* underwater.png in Resources */ = {isa = PBXBuildFile; fileRef = 35EB841D225C8DB20088B3F9 /* underwater.png */; };
		350E947D225E178E003B51E3 /* normal-water.png in Resources */ = {isa = PBXBuildFile; fileRef = 35EB8413225C42DB0088B3F9 /* normal-water.png */; };
		350E947E225E17B1003B51E3 /* MathLibrary.swift in Sources */ = {isa = PBXBuildFile; fileRef = 350614502240B4FA00BFB42E /* MathLibrary.swift */; };
		350E947F225E17B1003B51E3 /* Transform.swift in Sources */ = {isa = PBXBuildFile; fileRef = 3525CE952251E748000E2A4C /* Transform.swift */; };
		352184EA224A60250006D5BA /* MutipleLightViewController.swift in Sources */ = {isa = PBXBuildFile; fileRef = 352184E9224A60250006D5BA /* MutipleLightViewController.swift */; };
		35242E98224212E400B8F91A /* Prop.swift in Sources */ = {isa = PBXBuildFile; fileRef = 35242E97224212E400B8F91A /* Prop.swift */; };
		35242E9D2242312F00B8F91A /* Main.metal in Sources */ = {isa = PBXBuildFile; fileRef = 35242E9C2242312F00B8F91A /* Main.metal */; };
		35242E9F224236EA00B8F91A /* Textures.xcassets in Resources */ = {isa = PBXBuildFile; fileRef = 35242E9E224236EA00B8F91A /* Textures.xcassets */; };
		35242EA32242373400B8F91A /* cube.obj in Resources */ = {isa = PBXBuildFile; fileRef = 35242EA12242373400B8F91A /* cube.obj */; };
		35242EA42242373400B8F91A /* cube.mtl in Resources */ = {isa = PBXBuildFile; fileRef = 35242EA22242373400B8F91A /* cube.mtl */; };
		35242EA722423A9500B8F91A /* LoadObjectViewController.swift in Sources */ = {isa = PBXBuildFile; fileRef = 35242EA522423A9500B8F91A /* LoadObjectViewController.swift */; };
		3525CE962251E748000E2A4C /* Transform.swift in Sources */ = {isa = PBXBuildFile; fileRef = 3525CE952251E748000E2A4C /* Transform.swift */; };
		3525CE982251F66A000E2A4C /* InstanceViewController.swift in Sources */ = {isa = PBXBuildFile; fileRef = 3525CE972251F66A000E2A4C /* InstanceViewController.swift */; };
		3525CE9F2251F876000E2A4C /* grass01.mtl in Resources */ = {isa = PBXBuildFile; fileRef = 3525CE9E2251F876000E2A4C /* grass01.mtl */; };
		3525CEA12251F87C000E2A4C /* grass01.obj in Resources */ = {isa = PBXBuildFile; fileRef = 3525CEA02251F87C000E2A4C /* grass01.obj */; };
		3525CEA62251FB04000E2A4C /* tree.obj in Resources */ = {isa = PBXBuildFile; fileRef = 3525CEA32251FB03000E2A4C /* tree.obj */; };
		3525CEA72251FB04000E2A4C /* tree.mtl in Resources */ = {isa = PBXBuildFile; fileRef = 3525CEA42251FB03000E2A4C /* tree.mtl */; };
		3525CEA82251FB04000E2A4C /* License.txt in Resources */ = {isa = PBXBuildFile; fileRef = 3525CEA52251FB04000E2A4C /* License.txt */; };
		3525CEAB225223C8000E2A4C /* large-plane.mtl in Resources */ = {isa = PBXBuildFile; fileRef = 3525CEA9225223C7000E2A4C /* large-plane.mtl */; };
		3525CEAC225223C8000E2A4C /* large-plane.obj in Resources */ = {isa = PBXBuildFile; fileRef = 3525CEAA225223C7000E2A4C /* large-plane.obj */; };
		352C3F3B2246178800053171 /* Phong.metal in Sources */ = {isa = PBXBuildFile; fileRef = 352C3F3A2246178800053171 /* Phong.metal */; };
		352C3F3D2246179000053171 /* PBR.metal in Sources */ = {isa = PBXBuildFile; fileRef = 352C3F3C2246179000053171 /* PBR.metal */; };
		352C3F4D22461F4A00053171 /* PhongViewController.swift in Sources */ = {isa = PBXBuildFile; fileRef = 352C3F4B22461F4A00053171 /* PhongViewController.swift */; };
		352C3F51224676BD00053171 /* Shadow.metal in Sources */ = {isa = PBXBuildFile; fileRef = 352C3F50224676BD00053171 /* Shadow.metal */; };
		352C3F5422467C7E00053171 /* ShadowViewController.swift in Sources */ = {isa = PBXBuildFile; fileRef = 352C3F5222467C7E00053171 /* ShadowViewController.swift */; };
		352C3F5822467E0500053171 /* MTLRenderPassDescriptorExtension.swift in Sources */ = {isa = PBXBuildFile; fileRef = 352C3F5722467E0500053171 /* MTLRenderPassDescriptorExtension.swift */; };
		352C3F5A22467F1C00053171 /* ShadowRenderer.swift in Sources */ = {isa = PBXBuildFile; fileRef = 352C3F5922467F1C00053171 /* ShadowRenderer.swift */; };
		352C3F5C224752F800053171 /* PhongRenderer.swift in Sources */ = {isa = PBXBuildFile; fileRef = 352C3F5B224752F800053171 /* PhongRenderer.swift */; };
		352C3F60224766E000053171 /* SkyboxViewController.swift in Sources */ = {isa = PBXBuildFile; fileRef = 352C3F5F224766E000053171 /* SkyboxViewController.swift */; };
		352C3F6222476EE700053171 /* Skybox.swift in Sources */ = {isa = PBXBuildFile; fileRef = 352C3F6122476EE700053171 /* Skybox.swift */; };
		352C3F65224905EE00053171 /* Skybox.metal in Sources */ = {isa = PBXBuildFile; fileRef = 352C3F64224905EE00053171 /* Skybox.metal */; };
		352C3F67224913DC00053171 /* CustomSkyboxViewController.swift in Sources */ = {isa = PBXBuildFile; fileRef = 352C3F66224913DC00053171 /* CustomSkyboxViewController.swift */; };
		353F9139223F39EF0071597B /* Renderer.swift in Sources */ = {isa = PBXBuildFile; fileRef = 353F9138223F39EF0071597B /* Renderer.swift */; };
		353F913B223F3B730071597B /* PBRRenderer.swift in Sources */ = {isa = PBXBuildFile; fileRef = 353F913A223F3B730071597B /* PBRRenderer.swift */; };
		353FAF182254E5840012F85C /* Debug.swift in Sources */ = {isa = PBXBuildFile; fileRef = 353FAF172254E5840012F85C /* Debug.swift */; };
		353FAF1B2254E5DD0012F85C /* DebugLight.metal in Sources */ = {isa = PBXBuildFile; fileRef = 353FAF1A2254E5DD0012F85C /* DebugLight.metal */; };
		3553B39A224DAE7A0060229F /* Terrain.swift in Sources */ = {isa = PBXBuildFile; fileRef = 3553B399224DAE7A0060229F /* Terrain.swift */; };
		3553B39D224DBCCD0060229F /* Tessellation.metal in Sources */ = {isa = PBXBuildFile; fileRef = 3553B39C224DBCCD0060229F /* Tessellation.metal */; };
		3553B39F224DEEE10060229F /* TerrainViewController.swift in Sources */ = {isa = PBXBuildFile; fileRef = 3553B39E224DEEE10060229F /* TerrainViewController.swift */; };
		3553B3A1224DEF120060229F /* TerrainRenderer.swift in Sources */ = {isa = PBXBuildFile; fileRef = 3553B3A0224DEF120060229F /* TerrainRenderer.swift */; };
		356428322241E58B0000A5BB /* Texture.swift in Sources */ = {isa = PBXBuildFile; fileRef = 356428312241E58B0000A5BB /* Texture.swift */; };
		358EDBA422448CFB00C01902 /* PBRShader.metal in Sources */ = {isa = PBXBuildFile; fileRef = 358EDBA322448CFB00C01902 /* PBRShader.metal */; };
		358EDBAD2244D58B00C01902 /* train.obj in Resources */ = {isa = PBXBuildFile; fileRef = 358EDBA72244D58A00C01902 /* train.obj */; };
		358EDBAE2244D58B00C01902 /* plane.mtl in Resources */ = {isa = PBXBuildFile; fileRef = 358EDBA82244D58A00C01902 /* plane.mtl */; };
		358EDBAF2244D58B00C01902 /* train.mtl in Resources */ = {isa = PBXBuildFile; fileRef = 358EDBA92244D58A00C01902 /* train.mtl */; };
		358EDBB02244D58B00C01902 /* plane.obj in Resources */ = {isa = PBXBuildFile; fileRef = 358EDBAA2244D58B00C01902 /* plane.obj */; };
		358EDBB12244D58B00C01902 /* treefir.mtl in Resources */ = {isa = PBXBuildFile; fileRef = 358EDBAB2244D58B00C01902 /* treefir.mtl */; };
		358EDBB22244D58B00C01902 /* treefir.obj in Resources */ = {isa = PBXBuildFile; fileRef = 358EDBAC2244D58B00C01902 /* treefir.obj */; };
		358EDBB42244D93200C01902 /* PhongShader.metal in Sources */ = {isa = PBXBuildFile; fileRef = 358EDBB32244D93200C01902 /* PhongShader.metal */; };
		3590B933224B18C000CDD1AF /* DeferredRenderer.swift in Sources */ = {isa = PBXBuildFile; fileRef = 3590B932224B18C000CDD1AF /* DeferredRenderer.swift */; };
		3590B936224B218F00CDD1AF /* Gbuffer.metal in Sources */ = {isa = PBXBuildFile; fileRef = 3590B935224B218F00CDD1AF /* Gbuffer.metal */; };
		3590B938224B21A600CDD1AF /* GbufferComposition.metal in Sources */ = {isa = PBXBuildFile; fileRef = 3590B937224B21A600CDD1AF /* GbufferComposition.metal */; };
		3590B93A224BAEBA00CDD1AF /* Utility.swift in Sources */ = {isa = PBXBuildFile; fileRef = 3590B939224BAEBA00CDD1AF /* Utility.swift */; };
		35B1364A223CEE370018ED0B /* AppDelegate.swift in Sources */ = {isa = PBXBuildFile; fileRef = 35B13649223CEE370018ED0B /* AppDelegate.swift */; };
		35B1364C223CEE370018ED0B /* ViewController.swift in Sources */ = {isa = PBXBuildFile; fileRef = 35B1364B223CEE370018ED0B /* ViewController.swift */; };
		35B1364E223CEE390018ED0B /* Assets.xcassets in Resources */ = {isa = PBXBuildFile; fileRef = 35B1364D223CEE390018ED0B /* Assets.xcassets */; };
		35B13651223CEE390018ED0B /* Main.storyboard in Resources */ = {isa = PBXBuildFile; fileRef = 35B1364F223CEE390018ED0B /* Main.storyboard */; };
		35EB8412225C41DF0088B3F9 /* Water.swift in Sources */ = {isa = PBXBuildFile; fileRef = 35EB8411225C41DF0088B3F9 /* Water.swift */; };
		35EB8414225C42DB0088B3F9 /* normal-water.png in Resources */ = {isa = PBXBuildFile; fileRef = 35EB8413225C42DB0088B3F9 /* normal-water.png */; };
		35EB8416225C72010088B3F9 /* Geometry.swift in Sources */ = {isa = PBXBuildFile; fileRef = 35EB8415225C72010088B3F9 /* Geometry.swift */; };
		35EB8419225C76050088B3F9 /* Water.metal in Sources */ = {isa = PBXBuildFile; fileRef = 35EB8418225C76050088B3F9 /* Water.metal */; };
		35EB841C225C7E660088B3F9 /* WaterViewController.swift in Sources */ = {isa = PBXBuildFile; fileRef = 35EB841B225C7E660088B3F9 /* WaterViewController.swift */; };
		35EB841E225C8DB20088B3F9 /* underwater.png in Resources */ = {isa = PBXBuildFile; fileRef = 35EB841D225C8DB20088B3F9 /* underwater.png */; };
		35EB8420225C92BE0088B3F9 /* RenderPass.swift in Sources */ = {isa = PBXBuildFile; fileRef = 35EB841F225C92BE0088B3F9 /* RenderPass.swift */; };
		35F29EA722433BB000020395 /* chest.obj in Resources */ = {isa = PBXBuildFile; fileRef = 35F29EA522433BB000020395 /* chest.obj */; };
		35F29EA822433BB000020395 /* chest.mtl in Resources */ = {isa = PBXBuildFile; fileRef = 35F29EA622433BB000020395 /* chest.mtl */; };
/* End PBXBuildFile section */

/* Begin PBXFileReference section */
		3506144522408ED700BFB42E /* NormalMetalViewController.swift */ = {isa = PBXFileReference; lastKnownFileType = sourcecode.swift; path = NormalMetalViewController.swift; sourceTree = "<group>"; };
		350614502240B4FA00BFB42E /* MathLibrary.swift */ = {isa = PBXFileReference; fileEncoding = 4; lastKnownFileType = sourcecode.swift; path = MathLibrary.swift; sourceTree = "<group>"; };
		350614522240B53500BFB42E /* Node.swift */ = {isa = PBXFileReference; lastKnownFileType = sourcecode.swift; path = Node.swift; sourceTree = "<group>"; };
		350614542240B63C00BFB42E /* Camera.swift */ = {isa = PBXFileReference; lastKnownFileType = sourcecode.swift; path = Camera.swift; sourceTree = "<group>"; };
		350614572240BA4600BFB42E /* Common.h */ = {isa = PBXFileReference; lastKnownFileType = sourcecode.c.h; path = Common.h; sourceTree = "<group>"; };
		350614582240C10600BFB42E /* Model.swift */ = {isa = PBXFileReference; lastKnownFileType = sourcecode.swift; path = Model.swift; sourceTree = "<group>"; };
		3506145A2240C46200BFB42E /* Submesh.swift */ = {isa = PBXFileReference; lastKnownFileType = sourcecode.swift; path = Submesh.swift; sourceTree = "<group>"; };
		3506145C2240CD9900BFB42E /* Scene.swift */ = {isa = PBXFileReference; lastKnownFileType = sourcecode.swift; path = Scene.swift; sourceTree = "<group>"; };
		350E943B225D96C2003B51E3 /* GUI.app */ = {isa = PBXFileReference; explicitFileType = wrapper.application; includeInIndex = 0; path = GUI.app; sourceTree = BUILT_PRODUCTS_DIR; };
		350E943D225D96C2003B51E3 /* AppDelegate.swift */ = {isa = PBXFileReference; lastKnownFileType = sourcecode.swift; path = AppDelegate.swift; sourceTree = "<group>"; };
		350E943F225D96C2003B51E3 /* WelcomeViewController.swift */ = {isa = PBXFileReference; lastKnownFileType = sourcecode.swift; path = WelcomeViewController.swift; sourceTree = "<group>"; };
		350E9441225D96C3003B51E3 /* Assets.xcassets */ = {isa = PBXFileReference; lastKnownFileType = folder.assetcatalog; path = Assets.xcassets; sourceTree = "<group>"; };
		350E9444225D96C3003B51E3 /* Base */ = {isa = PBXFileReference; lastKnownFileType = file.storyboard; name = Base; path = Base.lproj/Main.storyboard; sourceTree = "<group>"; };
		350E9446225D96C3003B51E3 /* Info.plist */ = {isa = PBXFileReference; lastKnownFileType = text.plist.xml; path = Info.plist; sourceTree = "<group>"; };
		350E9447225D96C3003B51E3 /* GUI.entitlements */ = {isa = PBXFileReference; lastKnownFileType = text.plist.entitlements; path = GUI.entitlements; sourceTree = "<group>"; };
		350E944C225DCDEA003B51E3 /* HistorySceneCellView.swift */ = {isa = PBXFileReference; lastKnownFileType = sourcecode.swift; path = HistorySceneCellView.swift; sourceTree = "<group>"; };
		350E9453225DD9D3003B51E3 /* CreatNewSceneViewController.swift */ = {isa = PBXFileReference; lastKnownFileType = sourcecode.swift; path = CreatNewSceneViewController.swift; sourceTree = "<group>"; };
		350E9454225DD9D3003B51E3 /* CreatNewSceneViewController.xib */ = {isa = PBXFileReference; lastKnownFileType = file.xib; path = CreatNewSceneViewController.xib; sourceTree = "<group>"; };
		350E9458225DE129003B51E3 /* Error.swift */ = {isa = PBXFileReference; lastKnownFileType = sourcecode.swift; path = Error.swift; sourceTree = "<group>"; };
		350E945A225DE6B7003B51E3 /* Enum.swift */ = {isa = PBXFileReference; lastKnownFileType = sourcecode.swift; path = Enum.swift; sourceTree = "<group>"; };
		350E945D225E16F9003B51E3 /* MainRenderer.swift */ = {isa = PBXFileReference; lastKnownFileType = sourcecode.swift; path = MainRenderer.swift; sourceTree = "<group>"; };
		352184E9224A60250006D5BA /* MutipleLightViewController.swift */ = {isa = PBXFileReference; lastKnownFileType = sourcecode.swift; path = MutipleLightViewController.swift; sourceTree = "<group>"; };
		35242E97224212E400B8F91A /* Prop.swift */ = {isa = PBXFileReference; lastKnownFileType = sourcecode.swift; path = Prop.swift; sourceTree = "<group>"; };
		35242E9C2242312F00B8F91A /* Main.metal */ = {isa = PBXFileReference; lastKnownFileType = sourcecode.metal; path = Main.metal; sourceTree = "<group>"; };
		35242E9E224236EA00B8F91A /* Textures.xcassets */ = {isa = PBXFileReference; lastKnownFileType = folder.assetcatalog; path = Textures.xcassets; sourceTree = "<group>"; };
		35242EA12242373400B8F91A /* cube.obj */ = {isa = PBXFileReference; fileEncoding = 4; lastKnownFileType = text; path = cube.obj; sourceTree = "<group>"; };
		35242EA22242373400B8F91A /* cube.mtl */ = {isa = PBXFileReference; fileEncoding = 4; lastKnownFileType = text; path = cube.mtl; sourceTree = "<group>"; };
		35242EA522423A9500B8F91A /* LoadObjectViewController.swift */ = {isa = PBXFileReference; lastKnownFileType = sourcecode.swift; path = LoadObjectViewController.swift; sourceTree = "<group>"; };
		3525CE952251E748000E2A4C /* Transform.swift */ = {isa = PBXFileReference; lastKnownFileType = sourcecode.swift; path = Transform.swift; sourceTree = "<group>"; };
		3525CE972251F66A000E2A4C /* InstanceViewController.swift */ = {isa = PBXFileReference; lastKnownFileType = sourcecode.swift; path = InstanceViewController.swift; sourceTree = "<group>"; };
		3525CE9E2251F876000E2A4C /* grass01.mtl */ = {isa = PBXFileReference; fileEncoding = 4; lastKnownFileType = text; path = grass01.mtl; sourceTree = "<group>"; };
		3525CEA02251F87C000E2A4C /* grass01.obj */ = {isa = PBXFileReference; fileEncoding = 4; lastKnownFileType = text; path = grass01.obj; sourceTree = "<group>"; };
		3525CEA32251FB03000E2A4C /* tree.obj */ = {isa = PBXFileReference; fileEncoding = 4; lastKnownFileType = text; path = tree.obj; sourceTree = "<group>"; };
		3525CEA42251FB03000E2A4C /* tree.mtl */ = {isa = PBXFileReference; fileEncoding = 4; lastKnownFileType = text; path = tree.mtl; sourceTree = "<group>"; };
		3525CEA52251FB04000E2A4C /* License.txt */ = {isa = PBXFileReference; fileEncoding = 4; lastKnownFileType = text; path = License.txt; sourceTree = "<group>"; };
		3525CEA9225223C7000E2A4C /* large-plane.mtl */ = {isa = PBXFileReference; fileEncoding = 4; lastKnownFileType = text; path = "large-plane.mtl"; sourceTree = "<group>"; };
		3525CEAA225223C7000E2A4C /* large-plane.obj */ = {isa = PBXFileReference; fileEncoding = 4; lastKnownFileType = text; path = "large-plane.obj"; sourceTree = "<group>"; };
		352C3F3A2246178800053171 /* Phong.metal */ = {isa = PBXFileReference; lastKnownFileType = sourcecode.metal; path = Phong.metal; sourceTree = "<group>"; };
		352C3F3C2246179000053171 /* PBR.metal */ = {isa = PBXFileReference; lastKnownFileType = sourcecode.metal; path = PBR.metal; sourceTree = "<group>"; };
		352C3F4122461A5E00053171 /* PBR.h */ = {isa = PBXFileReference; lastKnownFileType = sourcecode.c.h; path = PBR.h; sourceTree = "<group>"; };
		352C3F4422461B0800053171 /* Phong.h */ = {isa = PBXFileReference; lastKnownFileType = sourcecode.c.h; path = Phong.h; sourceTree = "<group>"; };
		352C3F4822461D2300053171 /* ShaderHeader.hpp */ = {isa = PBXFileReference; lastKnownFileType = sourcecode.cpp.h; path = ShaderHeader.hpp; sourceTree = "<group>"; };
		352C3F4B22461F4A00053171 /* PhongViewController.swift */ = {isa = PBXFileReference; lastKnownFileType = sourcecode.swift; path = PhongViewController.swift; sourceTree = "<group>"; };
		352C3F50224676BD00053171 /* Shadow.metal */ = {isa = PBXFileReference; lastKnownFileType = sourcecode.metal; path = Shadow.metal; sourceTree = "<group>"; };
		352C3F5222467C7E00053171 /* ShadowViewController.swift */ = {isa = PBXFileReference; lastKnownFileType = sourcecode.swift; path = ShadowViewController.swift; sourceTree = "<group>"; };
		352C3F5722467E0500053171 /* MTLRenderPassDescriptorExtension.swift */ = {isa = PBXFileReference; lastKnownFileType = sourcecode.swift; path = MTLRenderPassDescriptorExtension.swift; sourceTree = "<group>"; };
		352C3F5922467F1C00053171 /* ShadowRenderer.swift */ = {isa = PBXFileReference; lastKnownFileType = sourcecode.swift; path = ShadowRenderer.swift; sourceTree = "<group>"; };
		352C3F5B224752F800053171 /* PhongRenderer.swift */ = {isa = PBXFileReference; lastKnownFileType = sourcecode.swift; path = PhongRenderer.swift; sourceTree = "<group>"; };
		352C3F5F224766E000053171 /* SkyboxViewController.swift */ = {isa = PBXFileReference; lastKnownFileType = sourcecode.swift; path = SkyboxViewController.swift; sourceTree = "<group>"; };
		352C3F6122476EE700053171 /* Skybox.swift */ = {isa = PBXFileReference; lastKnownFileType = sourcecode.swift; path = Skybox.swift; sourceTree = "<group>"; };
		352C3F64224905EE00053171 /* Skybox.metal */ = {isa = PBXFileReference; lastKnownFileType = sourcecode.metal; path = Skybox.metal; sourceTree = "<group>"; };
		352C3F66224913DC00053171 /* CustomSkyboxViewController.swift */ = {isa = PBXFileReference; lastKnownFileType = sourcecode.swift; path = CustomSkyboxViewController.swift; sourceTree = "<group>"; };
		353F9138223F39EF0071597B /* Renderer.swift */ = {isa = PBXFileReference; lastKnownFileType = sourcecode.swift; path = Renderer.swift; sourceTree = "<group>"; };
		353F913A223F3B730071597B /* PBRRenderer.swift */ = {isa = PBXFileReference; lastKnownFileType = sourcecode.swift; path = PBRRenderer.swift; sourceTree = "<group>"; };
		353FAF172254E5840012F85C /* Debug.swift */ = {isa = PBXFileReference; lastKnownFileType = sourcecode.swift; path = Debug.swift; sourceTree = "<group>"; };
		353FAF1A2254E5DD0012F85C /* DebugLight.metal */ = {isa = PBXFileReference; lastKnownFileType = sourcecode.metal; path = DebugLight.metal; sourceTree = "<group>"; };
		3553B399224DAE7A0060229F /* Terrain.swift */ = {isa = PBXFileReference; lastKnownFileType = sourcecode.swift; path = Terrain.swift; sourceTree = "<group>"; };
		3553B39C224DBCCD0060229F /* Tessellation.metal */ = {isa = PBXFileReference; lastKnownFileType = sourcecode.metal; path = Tessellation.metal; sourceTree = "<group>"; };
		3553B39E224DEEE10060229F /* TerrainViewController.swift */ = {isa = PBXFileReference; lastKnownFileType = sourcecode.swift; path = TerrainViewController.swift; sourceTree = "<group>"; };
		3553B3A0224DEF120060229F /* TerrainRenderer.swift */ = {isa = PBXFileReference; lastKnownFileType = sourcecode.swift; path = TerrainRenderer.swift; sourceTree = "<group>"; };
		356428312241E58B0000A5BB /* Texture.swift */ = {isa = PBXFileReference; lastKnownFileType = sourcecode.swift; path = Texture.swift; sourceTree = "<group>"; };
		358EDBA322448CFB00C01902 /* PBRShader.metal */ = {isa = PBXFileReference; lastKnownFileType = sourcecode.metal; path = PBRShader.metal; sourceTree = "<group>"; };
		358EDBA72244D58A00C01902 /* train.obj */ = {isa = PBXFileReference; fileEncoding = 4; lastKnownFileType = text; path = train.obj; sourceTree = "<group>"; };
		358EDBA82244D58A00C01902 /* plane.mtl */ = {isa = PBXFileReference; fileEncoding = 4; lastKnownFileType = text; path = plane.mtl; sourceTree = "<group>"; };
		358EDBA92244D58A00C01902 /* train.mtl */ = {isa = PBXFileReference; fileEncoding = 4; lastKnownFileType = text; path = train.mtl; sourceTree = "<group>"; };
		358EDBAA2244D58B00C01902 /* plane.obj */ = {isa = PBXFileReference; fileEncoding = 4; lastKnownFileType = text; path = plane.obj; sourceTree = "<group>"; };
		358EDBAB2244D58B00C01902 /* treefir.mtl */ = {isa = PBXFileReference; fileEncoding = 4; lastKnownFileType = text; path = treefir.mtl; sourceTree = "<group>"; };
		358EDBAC2244D58B00C01902 /* treefir.obj */ = {isa = PBXFileReference; fileEncoding = 4; lastKnownFileType = text; path = treefir.obj; sourceTree = "<group>"; };
		358EDBB32244D93200C01902 /* PhongShader.metal */ = {isa = PBXFileReference; lastKnownFileType = sourcecode.metal; path = PhongShader.metal; sourceTree = "<group>"; };
		3590B932224B18C000CDD1AF /* DeferredRenderer.swift */ = {isa = PBXFileReference; lastKnownFileType = sourcecode.swift; path = DeferredRenderer.swift; sourceTree = "<group>"; };
		3590B935224B218F00CDD1AF /* Gbuffer.metal */ = {isa = PBXFileReference; lastKnownFileType = sourcecode.metal; path = Gbuffer.metal; sourceTree = "<group>"; };
		3590B937224B21A600CDD1AF /* GbufferComposition.metal */ = {isa = PBXFileReference; lastKnownFileType = sourcecode.metal; path = GbufferComposition.metal; sourceTree = "<group>"; };
		3590B939224BAEBA00CDD1AF /* Utility.swift */ = {isa = PBXFileReference; lastKnownFileType = sourcecode.swift; path = Utility.swift; sourceTree = "<group>"; };
		35B13646223CEE370018ED0B /* MetalGameEngine.app */ = {isa = PBXFileReference; explicitFileType = wrapper.application; includeInIndex = 0; path = MetalGameEngine.app; sourceTree = BUILT_PRODUCTS_DIR; };
		35B13649223CEE370018ED0B /* AppDelegate.swift */ = {isa = PBXFileReference; lastKnownFileType = sourcecode.swift; path = AppDelegate.swift; sourceTree = "<group>"; };
		35B1364B223CEE370018ED0B /* ViewController.swift */ = {isa = PBXFileReference; lastKnownFileType = sourcecode.swift; path = ViewController.swift; sourceTree = "<group>"; };
		35B1364D223CEE390018ED0B /* Assets.xcassets */ = {isa = PBXFileReference; lastKnownFileType = folder.assetcatalog; path = Assets.xcassets; sourceTree = "<group>"; };
		35B13650223CEE390018ED0B /* Base */ = {isa = PBXFileReference; lastKnownFileType = file.storyboard; name = Base; path = Base.lproj/Main.storyboard; sourceTree = "<group>"; };
		35B13652223CEE390018ED0B /* Info.plist */ = {isa = PBXFileReference; lastKnownFileType = text.plist.xml; path = Info.plist; sourceTree = "<group>"; };
		35B13653223CEE390018ED0B /* MetalGameEngine.entitlements */ = {isa = PBXFileReference; lastKnownFileType = text.plist.entitlements; path = MetalGameEngine.entitlements; sourceTree = "<group>"; };
		35EB8411225C41DF0088B3F9 /* Water.swift */ = {isa = PBXFileReference; lastKnownFileType = sourcecode.swift; path = Water.swift; sourceTree = "<group>"; };
		35EB8413225C42DB0088B3F9 /* normal-water.png */ = {isa = PBXFileReference; lastKnownFileType = image.png; path = "normal-water.png"; sourceTree = "<group>"; };
		35EB8415225C72010088B3F9 /* Geometry.swift */ = {isa = PBXFileReference; lastKnownFileType = sourcecode.swift; path = Geometry.swift; sourceTree = "<group>"; };
		35EB8418225C76050088B3F9 /* Water.metal */ = {isa = PBXFileReference; lastKnownFileType = sourcecode.metal; path = Water.metal; sourceTree = "<group>"; };
		35EB841B225C7E660088B3F9 /* WaterViewController.swift */ = {isa = PBXFileReference; lastKnownFileType = sourcecode.swift; path = WaterViewController.swift; sourceTree = "<group>"; };
		35EB841D225C8DB20088B3F9 /* underwater.png */ = {isa = PBXFileReference; lastKnownFileType = image.png; path = underwater.png; sourceTree = "<group>"; };
		35EB841F225C92BE0088B3F9 /* RenderPass.swift */ = {isa = PBXFileReference; lastKnownFileType = sourcecode.swift; path = RenderPass.swift; sourceTree = "<group>"; };
		35F29EA522433BB000020395 /* chest.obj */ = {isa = PBXFileReference; fileEncoding = 4; lastKnownFileType = text; path = chest.obj; sourceTree = "<group>"; };
		35F29EA622433BB000020395 /* chest.mtl */ = {isa = PBXFileReference; fileEncoding = 4; lastKnownFileType = text; path = chest.mtl; sourceTree = "<group>"; };
/* End PBXFileReference section */

/* Begin PBXFrameworksBuildPhase section */
		350E9438225D96C2003B51E3 /* Frameworks */ = {
			isa = PBXFrameworksBuildPhase;
			buildActionMask = 2147483647;
			files = (
			);
			runOnlyForDeploymentPostprocessing = 0;
		};
		35B13643223CEE370018ED0B /* Frameworks */ = {
			isa = PBXFrameworksBuildPhase;
			buildActionMask = 2147483647;
			files = (
			);
			runOnlyForDeploymentPostprocessing = 0;
		};
/* End PBXFrameworksBuildPhase section */

/* Begin PBXGroup section */
		3506144C2240B4A800BFB42E /* Model */ = {
			isa = PBXGroup;
			children = (
				3553B398224DAE3B0060229F /* Common Model */,
				3506145C2240CD9900BFB42E /* Scene.swift */,
				352C3F6122476EE700053171 /* Skybox.swift */,
				3553B399224DAE7A0060229F /* Terrain.swift */,
				35EB8411225C41DF0088B3F9 /* Water.swift */,
			);
			path = Model;
			sourceTree = "<group>";
		};
		3506144F2240B4E300BFB42E /* Main */ = {
			isa = PBXGroup;
			children = (
				35B13649223CEE370018ED0B /* AppDelegate.swift */,
				35B1364B223CEE370018ED0B /* ViewController.swift */,
				35B1364F223CEE390018ED0B /* Main.storyboard */,
				35B13652223CEE390018ED0B /* Info.plist */,
				35B13653223CEE390018ED0B /* MetalGameEngine.entitlements */,
			);
			path = Main;
			sourceTree = "<group>";
		};
		350614562240B7C500BFB42E /* Shaders */ = {
			isa = PBXGroup;
			children = (
				35EB8417225C75FD0088B3F9 /* Water */,
				353FAF192254E5CA0012F85C /* Debug */,
				3553B39B224DBC800060229F /* Tessellation */,
				3590B934224B1EE000CDD1AF /* Gbuffer */,
				352C3F4522461B3100053171 /* Header */,
				352C3F4322461AF900053171 /* Phong */,
				352C3F4222461AE900053171 /* PBR */,
				352C3F4F2246761600053171 /* Shadow */,
				352C3F63224905D200053171 /* Skybox */,
				35242E9C2242312F00B8F91A /* Main.metal */,
			);
			path = Shaders;
			sourceTree = "<group>";
		};
		350E943C225D96C2003B51E3 /* GUI */ = {
			isa = PBXGroup;
			children = (
				350E945C225E16D9003B51E3 /* Renderer */,
				350E9457225DE11B003B51E3 /* Utility */,
				350E944E225DD978003B51E3 /* NewScene */,
				350E944B225DC1F2003B51E3 /* Main */,
				350E943D225D96C2003B51E3 /* AppDelegate.swift */,
				350E9441225D96C3003B51E3 /* Assets.xcassets */,
				350E9446225D96C3003B51E3 /* Info.plist */,
				350E9447225D96C3003B51E3 /* GUI.entitlements */,
			);
			path = GUI;
			sourceTree = "<group>";
		};
		350E944B225DC1F2003B51E3 /* Main */ = {
			isa = PBXGroup;
			children = (
				350E943F225D96C2003B51E3 /* WelcomeViewController.swift */,
				350E9443225D96C3003B51E3 /* Main.storyboard */,
				350E944C225DCDEA003B51E3 /* HistorySceneCellView.swift */,
			);
			path = Main;
			sourceTree = "<group>";
		};
		350E944E225DD978003B51E3 /* NewScene */ = {
			isa = PBXGroup;
			children = (
				350E9453225DD9D3003B51E3 /* CreatNewSceneViewController.swift */,
				350E9454225DD9D3003B51E3 /* CreatNewSceneViewController.xib */,
			);
			path = NewScene;
			sourceTree = "<group>";
		};
		350E9457225DE11B003B51E3 /* Utility */ = {
			isa = PBXGroup;
			children = (
				350E9458225DE129003B51E3 /* Error.swift */,
				350E945A225DE6B7003B51E3 /* Enum.swift */,
			);
			path = Utility;
			sourceTree = "<group>";
		};
		350E945C225E16D9003B51E3 /* Renderer */ = {
			isa = PBXGroup;
			children = (
				350E945D225E16F9003B51E3 /* MainRenderer.swift */,
			);
			path = Renderer;
			sourceTree = "<group>";
		};
		35242EA02242371A00B8F91A /* File */ = {
			isa = PBXGroup;
			children = (
				35EB841D225C8DB20088B3F9 /* underwater.png */,
				35EB8413225C42DB0088B3F9 /* normal-water.png */,
				3525CE9D2251F86E000E2A4C /* Grass */,
				3525CE9C2251F85F000E2A4C /* PBR Model */,
				3525CE9B2251F856000E2A4C /* Tree */,
				3525CE9A2251F84E000E2A4C /* Train */,
				3525CE992251F845000E2A4C /* Ground */,
			);
			path = File;
			sourceTree = "<group>";
		};
		3525CE992251F845000E2A4C /* Ground */ = {
			isa = PBXGroup;
			children = (
				3525CEA9225223C7000E2A4C /* large-plane.mtl */,
				3525CEAA225223C7000E2A4C /* large-plane.obj */,
				358EDBA82244D58A00C01902 /* plane.mtl */,
				358EDBAA2244D58B00C01902 /* plane.obj */,
			);
			path = Ground;
			sourceTree = "<group>";
		};
		3525CE9A2251F84E000E2A4C /* Train */ = {
			isa = PBXGroup;
			children = (
				358EDBA92244D58A00C01902 /* train.mtl */,
				358EDBA72244D58A00C01902 /* train.obj */,
			);
			path = Train;
			sourceTree = "<group>";
		};
		3525CE9B2251F856000E2A4C /* Tree */ = {
			isa = PBXGroup;
			children = (
				3525CEA22251FAF7000E2A4C /* tree */,
				358EDBAB2244D58B00C01902 /* treefir.mtl */,
				358EDBAC2244D58B00C01902 /* treefir.obj */,
			);
			path = Tree;
			sourceTree = "<group>";
		};
		3525CE9C2251F85F000E2A4C /* PBR Model */ = {
			isa = PBXGroup;
			children = (
				35F29EA622433BB000020395 /* chest.mtl */,
				35F29EA522433BB000020395 /* chest.obj */,
				35242EA22242373400B8F91A /* cube.mtl */,
				35242EA12242373400B8F91A /* cube.obj */,
			);
			path = "PBR Model";
			sourceTree = "<group>";
		};
		3525CE9D2251F86E000E2A4C /* Grass */ = {
			isa = PBXGroup;
			children = (
				3525CEA02251F87C000E2A4C /* grass01.obj */,
				3525CE9E2251F876000E2A4C /* grass01.mtl */,
			);
			path = Grass;
			sourceTree = "<group>";
		};
		3525CEA22251FAF7000E2A4C /* tree */ = {
			isa = PBXGroup;
			children = (
				3525CEA52251FB04000E2A4C /* License.txt */,
				3525CEA42251FB03000E2A4C /* tree.mtl */,
				3525CEA32251FB03000E2A4C /* tree.obj */,
			);
			path = tree;
			sourceTree = "<group>";
		};
		352C3F4222461AE900053171 /* PBR */ = {
			isa = PBXGroup;
			children = (
				352C3F3C2246179000053171 /* PBR.metal */,
				358EDBA322448CFB00C01902 /* PBRShader.metal */,
				352C3F4122461A5E00053171 /* PBR.h */,
			);
			path = PBR;
			sourceTree = "<group>";
		};
		352C3F4322461AF900053171 /* Phong */ = {
			isa = PBXGroup;
			children = (
				352C3F3A2246178800053171 /* Phong.metal */,
				358EDBB32244D93200C01902 /* PhongShader.metal */,
				352C3F4422461B0800053171 /* Phong.h */,
			);
			path = Phong;
			sourceTree = "<group>";
		};
		352C3F4522461B3100053171 /* Header */ = {
			isa = PBXGroup;
			children = (
				350614572240BA4600BFB42E /* Common.h */,
				352C3F4822461D2300053171 /* ShaderHeader.hpp */,
			);
			path = Header;
			sourceTree = "<group>";
		};
		352C3F4F2246761600053171 /* Shadow */ = {
			isa = PBXGroup;
			children = (
				352C3F50224676BD00053171 /* Shadow.metal */,
			);
			path = Shadow;
			sourceTree = "<group>";
		};
		352C3F5622467DEC00053171 /* Utility */ = {
			isa = PBXGroup;
			children = (
				350614502240B4FA00BFB42E /* MathLibrary.swift */,
				3525CE952251E748000E2A4C /* Transform.swift */,
				352C3F5722467E0500053171 /* MTLRenderPassDescriptorExtension.swift */,
				3590B939224BAEBA00CDD1AF /* Utility.swift */,
				353FAF172254E5840012F85C /* Debug.swift */,
				35EB8415225C72010088B3F9 /* Geometry.swift */,
				35EB841F225C92BE0088B3F9 /* RenderPass.swift */,
			);
			path = Utility;
			sourceTree = "<group>";
		};
		352C3F63224905D200053171 /* Skybox */ = {
			isa = PBXGroup;
			children = (
				352C3F64224905EE00053171 /* Skybox.metal */,
			);
			path = Skybox;
			sourceTree = "<group>";
		};
		353F9136223F39810071597B /* Render */ = {
			isa = PBXGroup;
			children = (
				3553B3A0224DEF120060229F /* TerrainRenderer.swift */,
				3590B932224B18C000CDD1AF /* DeferredRenderer.swift */,
				353F913A223F3B730071597B /* PBRRenderer.swift */,
				352C3F5922467F1C00053171 /* ShadowRenderer.swift */,
				352C3F5B224752F800053171 /* PhongRenderer.swift */,
				353F9137223F398E0071597B /* Base */,
			);
			path = Render;
			sourceTree = "<group>";
		};
		353F9137223F398E0071597B /* Base */ = {
			isa = PBXGroup;
			children = (
				353F9138223F39EF0071597B /* Renderer.swift */,
			);
			path = Base;
			sourceTree = "<group>";
		};
		353F913F223F7A670071597B /* ViewController */ = {
			isa = PBXGroup;
			children = (
				3506144522408ED700BFB42E /* NormalMetalViewController.swift */,
				35242EA522423A9500B8F91A /* LoadObjectViewController.swift */,
				352C3F4B22461F4A00053171 /* PhongViewController.swift */,
				352C3F5222467C7E00053171 /* ShadowViewController.swift */,
				352C3F5F224766E000053171 /* SkyboxViewController.swift */,
				352C3F66224913DC00053171 /* CustomSkyboxViewController.swift */,
				352184E9224A60250006D5BA /* MutipleLightViewController.swift */,
				3553B39E224DEEE10060229F /* TerrainViewController.swift */,
				3525CE972251F66A000E2A4C /* InstanceViewController.swift */,
				35EB841B225C7E660088B3F9 /* WaterViewController.swift */,
			);
			path = ViewController;
			sourceTree = "<group>";
		};
		353FAF192254E5CA0012F85C /* Debug */ = {
			isa = PBXGroup;
			children = (
				353FAF1A2254E5DD0012F85C /* DebugLight.metal */,
			);
			path = Debug;
			sourceTree = "<group>";
		};
		3553B398224DAE3B0060229F /* Common Model */ = {
			isa = PBXGroup;
			children = (
				35242E97224212E400B8F91A /* Prop.swift */,
				3506145A2240C46200BFB42E /* Submesh.swift */,
				356428312241E58B0000A5BB /* Texture.swift */,
				350614522240B53500BFB42E /* Node.swift */,
				350614542240B63C00BFB42E /* Camera.swift */,
				350614582240C10600BFB42E /* Model.swift */,
			);
			path = "Common Model";
			sourceTree = "<group>";
		};
		3553B39B224DBC800060229F /* Tessellation */ = {
			isa = PBXGroup;
			children = (
				3553B39C224DBCCD0060229F /* Tessellation.metal */,
			);
			path = Tessellation;
			sourceTree = "<group>";
		};
		3590B934224B1EE000CDD1AF /* Gbuffer */ = {
			isa = PBXGroup;
			children = (
				3590B935224B218F00CDD1AF /* Gbuffer.metal */,
				3590B937224B21A600CDD1AF /* GbufferComposition.metal */,
			);
			path = Gbuffer;
			sourceTree = "<group>";
		};
		35B1363D223CEE370018ED0B = {
			isa = PBXGroup;
			children = (
				35B13648223CEE370018ED0B /* MetalGameEngine */,
				350E943C225D96C2003B51E3 /* GUI */,
				35B13647223CEE370018ED0B /* Products */,
			);
			sourceTree = "<group>";
		};
		35B13647223CEE370018ED0B /* Products */ = {
			isa = PBXGroup;
			children = (
				35B13646223CEE370018ED0B /* MetalGameEngine.app */,
				350E943B225D96C2003B51E3 /* GUI.app */,
			);
			name = Products;
			sourceTree = "<group>";
		};
		35B13648223CEE370018ED0B /* MetalGameEngine */ = {
			isa = PBXGroup;
			children = (
				352C3F5622467DEC00053171 /* Utility */,
				35242EA02242371A00B8F91A /* File */,
				3506144F2240B4E300BFB42E /* Main */,
				353F913F223F7A670071597B /* ViewController */,
				353F9136223F39810071597B /* Render */,
				350614562240B7C500BFB42E /* Shaders */,
				3506144C2240B4A800BFB42E /* Model */,
				35B1364D223CEE390018ED0B /* Assets.xcassets */,
				35242E9E224236EA00B8F91A /* Textures.xcassets */,
			);
			path = MetalGameEngine;
			sourceTree = "<group>";
		};
		35EB8417225C75FD0088B3F9 /* Water */ = {
			isa = PBXGroup;
			children = (
				35EB8418225C76050088B3F9 /* Water.metal */,
			);
			path = Water;
			sourceTree = "<group>";
		};
/* End PBXGroup section */

/* Begin PBXNativeTarget section */
		350E943A225D96C2003B51E3 /* GUI */ = {
			isa = PBXNativeTarget;
			buildConfigurationList = 350E944A225D96C3003B51E3 /* Build configuration list for PBXNativeTarget "GUI" */;
			buildPhases = (
				350E9437225D96C2003B51E3 /* Sources */,
				350E9438225D96C2003B51E3 /* Frameworks */,
				350E9439225D96C2003B51E3 /* Resources */,
			);
			buildRules = (
			);
			dependencies = (
			);
			name = GUI;
			productName = GUI;
			productReference = 350E943B225D96C2003B51E3 /* GUI.app */;
			productType = "com.apple.product-type.application";
		};
		35B13645223CEE370018ED0B /* MetalGameEngine */ = {
			isa = PBXNativeTarget;
			buildConfigurationList = 35B13656223CEE390018ED0B /* Build configuration list for PBXNativeTarget "MetalGameEngine" */;
			buildPhases = (
				35B13642223CEE370018ED0B /* Sources */,
				35B13643223CEE370018ED0B /* Frameworks */,
				35B13644223CEE370018ED0B /* Resources */,
			);
			buildRules = (
			);
			dependencies = (
			);
			name = MetalGameEngine;
			productName = MetalGameEngine;
			productReference = 35B13646223CEE370018ED0B /* MetalGameEngine.app */;
			productType = "com.apple.product-type.application";
		};
/* End PBXNativeTarget section */

/* Begin PBXProject section */
		35B1363E223CEE370018ED0B /* Project object */ = {
			isa = PBXProject;
			attributes = {
				LastSwiftUpdateCheck = 1020;
				LastUpgradeCheck = 1010;
				ORGANIZATIONNAME = "张思槐";
				TargetAttributes = {
					350E943A225D96C2003B51E3 = {
						CreatedOnToolsVersion = 10.2;
					};
					35B13645223CEE370018ED0B = {
						CreatedOnToolsVersion = 10.1;
					};
				};
			};
			buildConfigurationList = 35B13641223CEE370018ED0B /* Build configuration list for PBXProject "MetalGameEngine" */;
			compatibilityVersion = "Xcode 9.3";
			developmentRegion = en;
			hasScannedForEncodings = 0;
			knownRegions = (
				en,
				Base,
			);
			mainGroup = 35B1363D223CEE370018ED0B;
			productRefGroup = 35B13647223CEE370018ED0B /* Products */;
			projectDirPath = "";
			projectRoot = "";
			targets = (
				35B13645223CEE370018ED0B /* MetalGameEngine */,
				350E943A225D96C2003B51E3 /* GUI */,
			);
		};
/* End PBXProject section */

/* Begin PBXResourcesBuildPhase section */
		350E9439225D96C2003B51E3 /* Resources */ = {
			isa = PBXResourcesBuildPhase;
			buildActionMask = 2147483647;
			files = (
				350E947D225E178E003B51E3 /* normal-water.png in Resources */,
				350E9442225D96C3003B51E3 /* Assets.xcassets in Resources */,
				350E947B225E178A003B51E3 /* Textures.xcassets in Resources */,
				350E9445225D96C3003B51E3 /* Main.storyboard in Resources */,
				350E947C225E178E003B51E3 /* underwater.png in Resources */,
				350E9456225DD9D3003B51E3 /* CreatNewSceneViewController.xib in Resources */,
			);
			runOnlyForDeploymentPostprocessing = 0;
		};
		35B13644223CEE370018ED0B /* Resources */ = {
			isa = PBXResourcesBuildPhase;
			buildActionMask = 2147483647;
			files = (
				358EDBAD2244D58B00C01902 /* train.obj in Resources */,
				3525CEA62251FB04000E2A4C /* tree.obj in Resources */,
				35242EA32242373400B8F91A /* cube.obj in Resources */,
				358EDBB22244D58B00C01902 /* treefir.obj in Resources */,
				3525CEAC225223C8000E2A4C /* large-plane.obj in Resources */,
				3525CEAB225223C8000E2A4C /* large-plane.mtl in Resources */,
				35242EA42242373400B8F91A /* cube.mtl in Resources */,
				3525CEA72251FB04000E2A4C /* tree.mtl in Resources */,
				358EDBB12244D58B00C01902 /* treefir.mtl in Resources */,
				3525CE9F2251F876000E2A4C /* grass01.mtl in Resources */,
				35F29EA822433BB000020395 /* chest.mtl in Resources */,
				35242E9F224236EA00B8F91A /* Textures.xcassets in Resources */,
				35EB8414225C42DB0088B3F9 /* normal-water.png in Resources */,
				358EDBAE2244D58B00C01902 /* plane.mtl in Resources */,
				3525CEA12251F87C000E2A4C /* grass01.obj in Resources */,
				358EDBAF2244D58B00C01902 /* train.mtl in Resources */,
				35F29EA722433BB000020395 /* chest.obj in Resources */,
				3525CEA82251FB04000E2A4C /* License.txt in Resources */,
				35EB841E225C8DB20088B3F9 /* underwater.png in Resources */,
				35B1364E223CEE390018ED0B /* Assets.xcassets in Resources */,
				35B13651223CEE390018ED0B /* Main.storyboard in Resources */,
				358EDBB02244D58B00C01902 /* plane.obj in Resources */,
			);
			runOnlyForDeploymentPostprocessing = 0;
		};
/* End PBXResourcesBuildPhase section */

/* Begin PBXSourcesBuildPhase section */
		350E9437225D96C2003B51E3 /* Sources */ = {
			isa = PBXSourcesBuildPhase;
			buildActionMask = 2147483647;
			files = (
				350E9474225E1768003B51E3 /* Skybox.metal in Sources */,
				350E945F225E172C003B51E3 /* Renderer.swift in Sources */,
				350E9466225E173C003B51E3 /* Texture.swift in Sources */,
				350E9468225E173C003B51E3 /* Camera.swift in Sources */,
				350E9473225E1765003B51E3 /* Shadow.metal in Sources */,
				350E9463225E1738003B51E3 /* Water.swift in Sources */,
				350E9470225E175F003B51E3 /* PhongShader.metal in Sources */,
				350E9461225E1738003B51E3 /* Skybox.swift in Sources */,
				350E9472225E1763003B51E3 /* PBRShader.metal in Sources */,
				350E9471225E1763003B51E3 /* PBR.metal in Sources */,
				350E9475225E1768003B51E3 /* Main.metal in Sources */,
				350E947E225E17B1003B51E3 /* MathLibrary.swift in Sources */,
				350E9440225D96C2003B51E3 /* WelcomeViewController.swift in Sources */,
				350E944D225DCDEA003B51E3 /* HistorySceneCellView.swift in Sources */,
				350E9478225E177C003B51E3 /* Debug.swift in Sources */,
				350E947F225E17B1003B51E3 /* Transform.swift in Sources */,
				350E946D225E1754003B51E3 /* Gbuffer.metal in Sources */,
				350E945E225E16F9003B51E3 /* MainRenderer.swift in Sources */,
				350E946B225E174D003B51E3 /* DebugLight.metal in Sources */,
				350E9479225E177C003B51E3 /* Geometry.swift in Sources */,
				350E945B225DE6B7003B51E3 /* Enum.swift in Sources */,
				350E9469225E173C003B51E3 /* Model.swift in Sources */,
				350E9455225DD9D3003B51E3 /* CreatNewSceneViewController.swift in Sources */,
				350E9459225DE129003B51E3 /* Error.swift in Sources */,
				350E943E225D96C2003B51E3 /* AppDelegate.swift in Sources */,
				350E9467225E173C003B51E3 /* Node.swift in Sources */,
				350E947A225E177C003B51E3 /* RenderPass.swift in Sources */,
				350E9476225E177C003B51E3 /* MTLRenderPassDescriptorExtension.swift in Sources */,
				350E946F225E175F003B51E3 /* Phong.metal in Sources */,
				350E9464225E173C003B51E3 /* Prop.swift in Sources */,
				350E9465225E173C003B51E3 /* Submesh.swift in Sources */,
				350E946A225E174A003B51E3 /* Water.metal in Sources */,
				350E9460225E1738003B51E3 /* Scene.swift in Sources */,
				350E9477225E177C003B51E3 /* Utility.swift in Sources */,
				350E9462225E1738003B51E3 /* Terrain.swift in Sources */,
				350E946C225E1751003B51E3 /* Tessellation.metal in Sources */,
				350E946E225E1754003B51E3 /* GbufferComposition.metal in Sources */,
			);
			runOnlyForDeploymentPostprocessing = 0;
		};
		35B13642223CEE370018ED0B /* Sources */ = {
			isa = PBXSourcesBuildPhase;
			buildActionMask = 2147483647;
			files = (
				352C3F65224905EE00053171 /* Skybox.metal in Sources */,
				358EDBA422448CFB00C01902 /* PBRShader.metal in Sources */,
				3506145B2240C46200BFB42E /* Submesh.swift in Sources */,
				35B1364C223CEE370018ED0B /* ViewController.swift in Sources */,
				3525CE962251E748000E2A4C /* Transform.swift in Sources */,
				35EB8412225C41DF0088B3F9 /* Water.swift in Sources */,
				352C3F5822467E0500053171 /* MTLRenderPassDescriptorExtension.swift in Sources */,
				35EB8419225C76050088B3F9 /* Water.metal in Sources */,
				352C3F5A22467F1C00053171 /* ShadowRenderer.swift in Sources */,
				352C3F4D22461F4A00053171 /* PhongViewController.swift in Sources */,
				35EB841C225C7E660088B3F9 /* WaterViewController.swift in Sources */,
				353FAF1B2254E5DD0012F85C /* DebugLight.metal in Sources */,
				350614512240B4FA00BFB42E /* MathLibrary.swift in Sources */,
				352C3F67224913DC00053171 /* CustomSkyboxViewController.swift in Sources */,
				3553B39F224DEEE10060229F /* TerrainViewController.swift in Sources */,
				3506144722408ED700BFB42E /* NormalMetalViewController.swift in Sources */,
				352C3F5422467C7E00053171 /* ShadowViewController.swift in Sources */,
				350614532240B53500BFB42E /* Node.swift in Sources */,
				352C3F6222476EE700053171 /* Skybox.swift in Sources */,
				352C3F60224766E000053171 /* SkyboxViewController.swift in Sources */,
				3590B933224B18C000CDD1AF /* DeferredRenderer.swift in Sources */,
				3590B936224B218F00CDD1AF /* Gbuffer.metal in Sources */,
				3590B93A224BAEBA00CDD1AF /* Utility.swift in Sources */,
				352C3F5C224752F800053171 /* PhongRenderer.swift in Sources */,
				35242E98224212E400B8F91A /* Prop.swift in Sources */,
				350614592240C10600BFB42E /* Model.swift in Sources */,
				3553B39A224DAE7A0060229F /* Terrain.swift in Sources */,
				35EB8416225C72010088B3F9 /* Geometry.swift in Sources */,
				353F913B223F3B730071597B /* PBRRenderer.swift in Sources */,
				352C3F51224676BD00053171 /* Shadow.metal in Sources */,
				35242EA722423A9500B8F91A /* LoadObjectViewController.swift in Sources */,
				358EDBB42244D93200C01902 /* PhongShader.metal in Sources */,
				3506145D2240CD9900BFB42E /* Scene.swift in Sources */,
				3553B39D224DBCCD0060229F /* Tessellation.metal in Sources */,
				352184EA224A60250006D5BA /* MutipleLightViewController.swift in Sources */,
				35242E9D2242312F00B8F91A /* Main.metal in Sources */,
				353FAF182254E5840012F85C /* Debug.swift in Sources */,
				352C3F3B2246178800053171 /* Phong.metal in Sources */,
				3590B938224B21A600CDD1AF /* GbufferComposition.metal in Sources */,
				352C3F3D2246179000053171 /* PBR.metal in Sources */,
				353F9139223F39EF0071597B /* Renderer.swift in Sources */,
				3525CE982251F66A000E2A4C /* InstanceViewController.swift in Sources */,
				35B1364A223CEE370018ED0B /* AppDelegate.swift in Sources */,
				356428322241E58B0000A5BB /* Texture.swift in Sources */,
				35EB8420225C92BE0088B3F9 /* RenderPass.swift in Sources */,
				3553B3A1224DEF120060229F /* TerrainRenderer.swift in Sources */,
				350614552240B63C00BFB42E /* Camera.swift in Sources */,
			);
			runOnlyForDeploymentPostprocessing = 0;
		};
/* End PBXSourcesBuildPhase section */

/* Begin PBXVariantGroup section */
		350E9443225D96C3003B51E3 /* Main.storyboard */ = {
			isa = PBXVariantGroup;
			children = (
				350E9444225D96C3003B51E3 /* Base */,
			);
			name = Main.storyboard;
			sourceTree = "<group>";
		};
		35B1364F223CEE390018ED0B /* Main.storyboard */ = {
			isa = PBXVariantGroup;
			children = (
				35B13650223CEE390018ED0B /* Base */,
			);
			name = Main.storyboard;
			sourceTree = "<group>";
		};
/* End PBXVariantGroup section */

/* Begin XCBuildConfiguration section */
		350E9448225D96C3003B51E3 /* Debug */ = {
			isa = XCBuildConfiguration;
			buildSettings = {
				ASSETCATALOG_COMPILER_APPICON_NAME = AppIcon;
				CODE_SIGN_ENTITLEMENTS = GUI/GUI.entitlements;
				CODE_SIGN_STYLE = Automatic;
				COMBINE_HIDPI_IMAGES = YES;
				INFOPLIST_FILE = GUI/Info.plist;
				LD_RUNPATH_SEARCH_PATHS = (
					"$(inherited)",
					"@executable_path/../Frameworks",
				);
				PRODUCT_BUNDLE_IDENTIFIER = com.w2.GUI;
				PRODUCT_NAME = "$(TARGET_NAME)";
				SWIFT_VERSION = 5.0;
			};
			name = Debug;
		};
		350E9449225D96C3003B51E3 /* Release */ = {
			isa = XCBuildConfiguration;
			buildSettings = {
				ASSETCATALOG_COMPILER_APPICON_NAME = AppIcon;
				CODE_SIGN_ENTITLEMENTS = GUI/GUI.entitlements;
				CODE_SIGN_STYLE = Automatic;
				COMBINE_HIDPI_IMAGES = YES;
				INFOPLIST_FILE = GUI/Info.plist;
				LD_RUNPATH_SEARCH_PATHS = (
					"$(inherited)",
					"@executable_path/../Frameworks",
				);
				PRODUCT_BUNDLE_IDENTIFIER = com.w2.GUI;
				PRODUCT_NAME = "$(TARGET_NAME)";
				SWIFT_VERSION = 5.0;
			};
			name = Release;
		};
		35B13654223CEE390018ED0B /* Debug */ = {
			isa = XCBuildConfiguration;
			buildSettings = {
				ALWAYS_SEARCH_USER_PATHS = NO;
				CLANG_ANALYZER_NONNULL = YES;
				CLANG_ANALYZER_NUMBER_OBJECT_CONVERSION = YES_AGGRESSIVE;
				CLANG_CXX_LANGUAGE_STANDARD = "gnu++14";
				CLANG_CXX_LIBRARY = "libc++";
				CLANG_ENABLE_MODULES = YES;
				CLANG_ENABLE_OBJC_ARC = YES;
				CLANG_ENABLE_OBJC_WEAK = YES;
				CLANG_WARN_BLOCK_CAPTURE_AUTORELEASING = YES;
				CLANG_WARN_BOOL_CONVERSION = YES;
				CLANG_WARN_COMMA = YES;
				CLANG_WARN_CONSTANT_CONVERSION = YES;
				CLANG_WARN_DEPRECATED_OBJC_IMPLEMENTATIONS = YES;
				CLANG_WARN_DIRECT_OBJC_ISA_USAGE = YES_ERROR;
				CLANG_WARN_DOCUMENTATION_COMMENTS = YES;
				CLANG_WARN_EMPTY_BODY = YES;
				CLANG_WARN_ENUM_CONVERSION = YES;
				CLANG_WARN_INFINITE_RECURSION = YES;
				CLANG_WARN_INT_CONVERSION = YES;
				CLANG_WARN_NON_LITERAL_NULL_CONVERSION = YES;
				CLANG_WARN_OBJC_IMPLICIT_RETAIN_SELF = YES;
				CLANG_WARN_OBJC_LITERAL_CONVERSION = YES;
				CLANG_WARN_OBJC_ROOT_CLASS = YES_ERROR;
				CLANG_WARN_RANGE_LOOP_ANALYSIS = YES;
				CLANG_WARN_STRICT_PROTOTYPES = YES;
				CLANG_WARN_SUSPICIOUS_MOVE = YES;
				CLANG_WARN_UNGUARDED_AVAILABILITY = YES_AGGRESSIVE;
				CLANG_WARN_UNREACHABLE_CODE = YES;
				CLANG_WARN__DUPLICATE_METHOD_MATCH = YES;
				CODE_SIGN_IDENTITY = "-";
				COPY_PHASE_STRIP = NO;
				DEBUG_INFORMATION_FORMAT = dwarf;
				ENABLE_STRICT_OBJC_MSGSEND = YES;
				ENABLE_TESTABILITY = YES;
				GCC_C_LANGUAGE_STANDARD = gnu11;
				GCC_DYNAMIC_NO_PIC = NO;
				GCC_NO_COMMON_BLOCKS = YES;
				GCC_OPTIMIZATION_LEVEL = 0;
				GCC_PREPROCESSOR_DEFINITIONS = (
					"DEBUG=1",
					"$(inherited)",
				);
				GCC_WARN_64_TO_32_BIT_CONVERSION = YES;
				GCC_WARN_ABOUT_RETURN_TYPE = YES_ERROR;
				GCC_WARN_UNDECLARED_SELECTOR = YES;
				GCC_WARN_UNINITIALIZED_AUTOS = YES_AGGRESSIVE;
				GCC_WARN_UNUSED_FUNCTION = YES;
				GCC_WARN_UNUSED_VARIABLE = YES;
				MACOSX_DEPLOYMENT_TARGET = 10.14;
				MTL_ENABLE_DEBUG_INFO = INCLUDE_SOURCE;
				MTL_FAST_MATH = YES;
				ONLY_ACTIVE_ARCH = YES;
				SDKROOT = macosx;
				SWIFT_ACTIVE_COMPILATION_CONDITIONS = DEBUG;
				SWIFT_OBJC_BRIDGING_HEADER = /Users/zhangsihuai/Code/Repo/MetalGameEngine/MetalGameEngine/MetalGameEngine/Shaders/Header/Common.h;
				SWIFT_OPTIMIZATION_LEVEL = "-Onone";
			};
			name = Debug;
		};
		35B13655223CEE390018ED0B /* Release */ = {
			isa = XCBuildConfiguration;
			buildSettings = {
				ALWAYS_SEARCH_USER_PATHS = NO;
				CLANG_ANALYZER_NONNULL = YES;
				CLANG_ANALYZER_NUMBER_OBJECT_CONVERSION = YES_AGGRESSIVE;
				CLANG_CXX_LANGUAGE_STANDARD = "gnu++14";
				CLANG_CXX_LIBRARY = "libc++";
				CLANG_ENABLE_MODULES = YES;
				CLANG_ENABLE_OBJC_ARC = YES;
				CLANG_ENABLE_OBJC_WEAK = YES;
				CLANG_WARN_BLOCK_CAPTURE_AUTORELEASING = YES;
				CLANG_WARN_BOOL_CONVERSION = YES;
				CLANG_WARN_COMMA = YES;
				CLANG_WARN_CONSTANT_CONVERSION = YES;
				CLANG_WARN_DEPRECATED_OBJC_IMPLEMENTATIONS = YES;
				CLANG_WARN_DIRECT_OBJC_ISA_USAGE = YES_ERROR;
				CLANG_WARN_DOCUMENTATION_COMMENTS = YES;
				CLANG_WARN_EMPTY_BODY = YES;
				CLANG_WARN_ENUM_CONVERSION = YES;
				CLANG_WARN_INFINITE_RECURSION = YES;
				CLANG_WARN_INT_CONVERSION = YES;
				CLANG_WARN_NON_LITERAL_NULL_CONVERSION = YES;
				CLANG_WARN_OBJC_IMPLICIT_RETAIN_SELF = YES;
				CLANG_WARN_OBJC_LITERAL_CONVERSION = YES;
				CLANG_WARN_OBJC_ROOT_CLASS = YES_ERROR;
				CLANG_WARN_RANGE_LOOP_ANALYSIS = YES;
				CLANG_WARN_STRICT_PROTOTYPES = YES;
				CLANG_WARN_SUSPICIOUS_MOVE = YES;
				CLANG_WARN_UNGUARDED_AVAILABILITY = YES_AGGRESSIVE;
				CLANG_WARN_UNREACHABLE_CODE = YES;
				CLANG_WARN__DUPLICATE_METHOD_MATCH = YES;
				CODE_SIGN_IDENTITY = "-";
				COPY_PHASE_STRIP = NO;
				DEBUG_INFORMATION_FORMAT = "dwarf-with-dsym";
				ENABLE_NS_ASSERTIONS = NO;
				ENABLE_STRICT_OBJC_MSGSEND = YES;
				GCC_C_LANGUAGE_STANDARD = gnu11;
				GCC_NO_COMMON_BLOCKS = YES;
				GCC_WARN_64_TO_32_BIT_CONVERSION = YES;
				GCC_WARN_ABOUT_RETURN_TYPE = YES_ERROR;
				GCC_WARN_UNDECLARED_SELECTOR = YES;
				GCC_WARN_UNINITIALIZED_AUTOS = YES_AGGRESSIVE;
				GCC_WARN_UNUSED_FUNCTION = YES;
				GCC_WARN_UNUSED_VARIABLE = YES;
				MACOSX_DEPLOYMENT_TARGET = 10.14;
				MTL_ENABLE_DEBUG_INFO = NO;
				MTL_FAST_MATH = YES;
				SDKROOT = macosx;
				SWIFT_COMPILATION_MODE = wholemodule;
				SWIFT_OBJC_BRIDGING_HEADER = /Users/zhangsihuai/Code/Repo/MetalGameEngine/MetalGameEngine/MetalGameEngine/Shaders/Header/Common.h;
				SWIFT_OPTIMIZATION_LEVEL = "-O";
			};
			name = Release;
		};
		35B13657223CEE390018ED0B /* Debug */ = {
			isa = XCBuildConfiguration;
			buildSettings = {
				ASSETCATALOG_COMPILER_APPICON_NAME = AppIcon;
				CODE_SIGN_ENTITLEMENTS = MetalGameEngine/MetalGameEngine.entitlements;
				CODE_SIGN_STYLE = Automatic;
				COMBINE_HIDPI_IMAGES = YES;
				INFOPLIST_FILE = "$(SRCROOT)/MetalGameEngine/Main/Info.plist";
				LD_RUNPATH_SEARCH_PATHS = (
					"$(inherited)",
					"@executable_path/../Frameworks",
				);
				PRODUCT_BUNDLE_IDENTIFIER = com.w2.MetalGameEngine;
				PRODUCT_NAME = "$(TARGET_NAME)";
				SWIFT_OBJC_BRIDGING_HEADER = /Users/zhangsihuai/Code/Repo/MetalGameEngine/MetalGameEngine/MetalGameEngine/Shaders/Header/Common.h;
				SWIFT_VERSION = 4.2;
			};
			name = Debug;
		};
		35B13658223CEE390018ED0B /* Release */ = {
			isa = XCBuildConfiguration;
			buildSettings = {
				ASSETCATALOG_COMPILER_APPICON_NAME = AppIcon;
				CODE_SIGN_ENTITLEMENTS = MetalGameEngine/MetalGameEngine.entitlements;
				CODE_SIGN_STYLE = Automatic;
				COMBINE_HIDPI_IMAGES = YES;
				INFOPLIST_FILE = "$(SRCROOT)/MetalGameEngine/Main/Info.plist";
				LD_RUNPATH_SEARCH_PATHS = (
					"$(inherited)",
					"@executable_path/../Frameworks",
				);
				PRODUCT_BUNDLE_IDENTIFIER = com.w2.MetalGameEngine;
				PRODUCT_NAME = "$(TARGET_NAME)";
				SWIFT_OBJC_BRIDGING_HEADER = /Users/zhangsihuai/Code/Repo/MetalGameEngine/MetalGameEngine/MetalGameEngine/Shaders/Header/Common.h;
				SWIFT_VERSION = 4.2;
			};
			name = Release;
		};
/* End XCBuildConfiguration section */

/* Begin XCConfigurationList section */
		350E944A225D96C3003B51E3 /* Build configuration list for PBXNativeTarget "GUI" */ = {
			isa = XCConfigurationList;
			buildConfigurations = (
				350E9448225D96C3003B51E3 /* Debug */,
				350E9449225D96C3003B51E3 /* Release */,
			);
			defaultConfigurationIsVisible = 0;
			defaultConfigurationName = Release;
		};
		35B13641223CEE370018ED0B /* Build configuration list for PBXProject "MetalGameEngine" */ = {
			isa = XCConfigurationList;
			buildConfigurations = (
				35B13654223CEE390018ED0B /* Debug */,
				35B13655223CEE390018ED0B /* Release */,
			);
			defaultConfigurationIsVisible = 0;
			defaultConfigurationName = Release;
		};
		35B13656223CEE390018ED0B /* Build configuration list for PBXNativeTarget "MetalGameEngine" */ = {
			isa = XCConfigurationList;
			buildConfigurations = (
				35B13657223CEE390018ED0B /* Debug */,
				35B13658223CEE390018ED0B /* Release */,
			);
			defaultConfigurationIsVisible = 0;
			defaultConfigurationName = Release;
		};
/* End XCConfigurationList section */
	};
	rootObject = 35B1363E223CEE370018ED0B /* Project object */;
}
